
Microsoft Visual Studio Solution File, Format Version 12.00
# Visual Studio 15
VisualStudioVersion = 15.0.27130.2010
MinimumVisualStudioVersion = 10.0.40219.1
Project("{FAE04EC0-301F-11D3-BF4B-00C04F79EFBC}") = "AppESSP", "AppESSP\AppESSP.csproj", "{74B7087C-EBD5-4B47-A6FF-F7601EFB2616}"
EndProject
Project("{FAE04EC0-301F-11D3-BF4B-00C04F79EFBC}") = "ESSPCORE", "ESSPCORE\ESSPCORE.csproj", "{4DAB039A-6646-4EFD-90FB-26F5E1BCA67F}"
EndProject
Project("{FAE04EC0-301F-11D3-BF4B-00C04F79EFBC}") = "ESSPREPO", "ESSPREPO\ESSPREPO.csproj", "{0F06E6D3-F6DE-47DC-BA3A-EEAB700B1BC2}"
EndProject
Project("{FAE04EC0-301F-11D3-BF4B-00C04F79EFBC}") = "ESSPSERVICE", "ESSPSERVICE\ESSPSERVICE.csproj", "{6B24EAB2-C826-430D-AF81-1A88EEA34376}"
EndProject
Global
	GlobalSection(SolutionConfigurationPlatforms) = preSolution
		Debug|Any CPU = Debug|Any CPU
		Release|Any CPU = Release|Any CPU
	EndGlobalSection
	GlobalSection(ProjectConfigurationPlatforms) = postSolution
		{74B7087C-EBD5-4B47-A6FF-F7601EFB2616}.Debug|Any CPU.ActiveCfg = Debug|Any CPU
		{74B7087C-EBD5-4B47-A6FF-F7601EFB2616}.Debug|Any CPU.Build.0 = Debug|Any CPU
		{74B7087C-EBD5-4B47-A6FF-F7601EFB2616}.Release|Any CPU.ActiveCfg = Release|Any CPU
		{74B7087C-EBD5-4B47-A6FF-F7601EFB2616}.Release|Any CPU.Build.0 = Release|Any CPU
		{4DAB039A-6646-4EFD-90FB-26F5E1BCA67F}.Debug|Any CPU.ActiveCfg = Debug|Any CPU
		{4DAB039A-6646-4EFD-90FB-26F5E1BCA67F}.Debug|Any CPU.Build.0 = Debug|Any CPU
		{4DAB039A-6646-4EFD-90FB-26F5E1BCA67F}.Release|Any CPU.ActiveCfg = Release|Any CPU
		{4DAB039A-6646-4EFD-90FB-26F5E1BCA67F}.Release|Any CPU.Build.0 = Release|Any CPU
		{0F06E6D3-F6DE-47DC-BA3A-EEAB700B1BC2}.Debug|Any CPU.ActiveCfg = Debug|Any CPU
		{0F06E6D3-F6DE-47DC-BA3A-EEAB700B1BC2}.Debug|Any CPU.Build.0 = Debug|Any CPU
		{0F06E6D3-F6DE-47DC-BA3A-EEAB700B1BC2}.Release|Any CPU.ActiveCfg = Release|Any CPU
		{0F06E6D3-F6DE-47DC-BA3A-EEAB700B1BC2}.Release|Any CPU.Build.0 = Release|Any CPU
		{6B24EAB2-C826-430D-AF81-1A88EEA34376}.Debug|Any CPU.ActiveCfg = Debug|Any CPU
		{6B24EAB2-C826-430D-AF81-1A88EEA34376}.Debug|Any CPU.Build.0 = Debug|Any CPU
		{6B24EAB2-C826-430D-AF81-1A88EEA34376}.Release|Any CPU.ActiveCfg = Release|Any CPU
		{6B24EAB2-C826-430D-AF81-1A88EEA34376}.Release|Any CPU.Build.0 = Release|Any CPU
	EndGlobalSection
	GlobalSection(SolutionProperties) = preSolution
		HideSolutionNode = FALSE
	EndGlobalSection
	GlobalSection(ExtensibilityGlobals) = postSolution
		SolutionGuid = {B86BD3C1-71DD-4E24-B1E2-49274ABB641A}
	EndGlobalSection
EndGlobal
